# This file is automatically @generated by Cargo.
# It is not intended for manual editing.
version = 4

[[package]]
name = "schorl"
version = "0.1.0"
dependencies = [
 "schorl-capture",
 "schorl-core",
 "schorl-display",
 "schorl-input",
 "schorl-panel",
 "schorl-scope",
 "schorl-verify",
 "schorl-xr",
]

[[package]]
name = "schorl-capture"
version = "0.1.0"
dependencies = [
 "schorl-core",
 "schorl-display",
]

[[package]]
name = "schorl-core"
version = "0.1.0"

[[package]]
name = "schorl-display"
version = "0.1.0"
dependencies = [
 "schorl-core",
]

[[package]]
name = "schorl-input"
version = "0.1.0"
dependencies = [
 "schorl-core",
 "schorl-display",
]

[[package]]
name = "schorl-panel"
version = "0.1.0"
dependencies = [
 "schorl-core",
 "schorl-scope",
]

[[package]]
name = "schorl-scope"
version = "0.1.0"
dependencies = [
 "schorl-core",
]

[[package]]
name = "schorl-verify"
version = "0.1.0"
dependencies = [
 "schorl-core",
 "schorl-scope",
]

[[package]]
name = "schorl-xr"
version = "0.1.0"
dependencies = [
 "schorl-capture",
 "schorl-core",
 "schorl-panel",
 "schorl-scope",
]
